
Microsoft Visual Studio Solution File, Format Version 12.00
# Visual Studio Version 16
VisualStudioVersion = 16.0.32510.428
MinimumVisualStudioVersion = 10.0.40219.1
Project("{FAE04EC0-301F-11D3-BF4B-00C04F79EFBC}") = "TestWinform", "TestWinform\TestWinform.csproj", "{629F8984-B842-4C0E-B890-3FE16D15F46D}"
EndProject
Global
	GlobalSection(SolutionConfigurationPlatforms) = preSolution
		Debug|Any CPU = Debug|Any CPU
		Release|Any CPU = Release|Any CPU
	EndGlobalSection
	GlobalSection(ProjectConfigurationPlatforms) = postSolution
		{629F8984-B842-4C0E-B890-3FE16D15F46D}.Debug|Any CPU.ActiveCfg = Debug|Any CPU
		{629F8984-B842-4C0E-B890-3FE16D15F46D}.Debug|Any CPU.Build.0 = Debug|Any CPU
		{629F8984-B842-4C0E-B890-3FE16D15F46D}.Release|Any CPU.ActiveCfg = Release|Any CPU
		{629F8984-B842-4C0E-B890-3FE16D15F46D}.Release|Any CPU.Build.0 = Release|Any CPU
	EndGlobalSection
	GlobalSection(SolutionProperties) = preSolution
		HideSolutionNode = FALSE
	EndGlobalSection
	GlobalSection(ExtensibilityGlobals) = postSolution
		SolutionGuid = {D9A32054-F694-4530-8574-730A65801DBF}
	EndGlobalSection
EndGlobal
